
Microsoft Visual Studio Solution File, Format Version 12.00
# Visual Studio Version 17
VisualStudioVersion = 17.7.34221.43
MinimumVisualStudioVersion = 10.0.40219.1
Project("{FAE04EC0-301F-11D3-BF4B-00C04F79EFBC}") = "Labb 2 GIK 299 Abdullahi abdi", "Labb 2 GIK 299 Abdullahi abdi\Labb 2 GIK 299 Abdullahi abdi.csproj", "{0389B709-2614-4566-92A2-709FB580E0FC}"
EndProject
Global
	GlobalSection(SolutionConfigurationPlatforms) = preSolution
		Debug|Any CPU = Debug|Any CPU
		Release|Any CPU = Release|Any CPU
	EndGlobalSection
	GlobalSection(ProjectConfigurationPlatforms) = postSolution
		{0389B709-2614-4566-92A2-709FB580E0FC}.Debug|Any CPU.ActiveCfg = Debug|Any CPU
		{0389B709-2614-4566-92A2-709FB580E0FC}.Debug|Any CPU.Build.0 = Debug|Any CPU
		{0389B709-2614-4566-92A2-709FB580E0FC}.Release|Any CPU.ActiveCfg = Release|Any CPU
		{0389B709-2614-4566-92A2-709FB580E0FC}.Release|Any CPU.Build.0 = Release|Any CPU
	EndGlobalSection
	GlobalSection(SolutionProperties) = preSolution
		HideSolutionNode = FALSE
	EndGlobalSection
	GlobalSection(ExtensibilityGlobals) = postSolution
		SolutionGuid = {4B2E2768-C94A-49A0-8F6D-19FFD9D45D3A}
	EndGlobalSection
EndGlobal
